
Microsoft Visual Studio Solution File, Format Version 12.00
# Visual Studio Version 16
VisualStudioVersion = 16.0.31624.102
MinimumVisualStudioVersion = 10.0.40219.1
Project("{FAE04EC0-301F-11D3-BF4B-00C04F79EFBC}") = "Inventory_Management_Systems", "Inventory_Management_Systems.csproj", "{F2A1B36C-D1CC-4345-BE00-255F0A8B848E}"
EndProject
Project("{FAE04EC0-301F-11D3-BF4B-00C04F79EFBC}") = "Inventory_management_Testing", "..\Inventory_management_Testing\Inventory_management_Testing.csproj", "{000A1056-213A-4C13-8B6A-8FCBBEFD3CC0}"
EndProject
Global
	GlobalSection(SolutionConfigurationPlatforms) = preSolution
		Debug|Any CPU = Debug|Any CPU
		Release|Any CPU = Release|Any CPU
	EndGlobalSection
	GlobalSection(ProjectConfigurationPlatforms) = postSolution
		{F2A1B36C-D1CC-4345-BE00-255F0A8B848E}.Debug|Any CPU.ActiveCfg = Debug|Any CPU
		{F2A1B36C-D1CC-4345-BE00-255F0A8B848E}.Debug|Any CPU.Build.0 = Debug|Any CPU
		{F2A1B36C-D1CC-4345-BE00-255F0A8B848E}.Release|Any CPU.ActiveCfg = Release|Any CPU
		{F2A1B36C-D1CC-4345-BE00-255F0A8B848E}.Release|Any CPU.Build.0 = Release|Any CPU
		{000A1056-213A-4C13-8B6A-8FCBBEFD3CC0}.Debug|Any CPU.ActiveCfg = Debug|Any CPU
		{000A1056-213A-4C13-8B6A-8FCBBEFD3CC0}.Debug|Any CPU.Build.0 = Debug|Any CPU
		{000A1056-213A-4C13-8B6A-8FCBBEFD3CC0}.Release|Any CPU.ActiveCfg = Release|Any CPU
		{000A1056-213A-4C13-8B6A-8FCBBEFD3CC0}.Release|Any CPU.Build.0 = Release|Any CPU
	EndGlobalSection
	GlobalSection(SolutionProperties) = preSolution
		HideSolutionNode = FALSE
	EndGlobalSection
	GlobalSection(ExtensibilityGlobals) = postSolution
		SolutionGuid = {421F9CE3-77FB-44B9-BB4C-DB2126039DF4}
	EndGlobalSection
EndGlobal
